
Microsoft Visual Studio Solution File, Format Version 12.00
# Visual Studio 15
VisualStudioVersion = 15.0.28010.2046
MinimumVisualStudioVersion = 10.0.40219.1
Project("{FAE04EC0-301F-11D3-BF4B-00C04F79EFBC}") = "TabViewApp.Android", "TabViewApp\TabViewApp.Android\TabViewApp.Android.csproj", "{8A846433-E372-41C6-9D95-DDA7A84FE847}"
EndProject
Project("{FAE04EC0-301F-11D3-BF4B-00C04F79EFBC}") = "TabViewApp.UWP", "TabViewApp\TabViewApp.UWP\TabViewApp.UWP.csproj", "{6FBAA904-894D-457C-896C-1CB0A3971F59}"
EndProject
Project("{FAE04EC0-301F-11D3-BF4B-00C04F79EFBC}") = "TabViewApp", "TabViewApp\TabViewApp\TabViewApp.csproj", "{92D54860-1EE6-426A-8AEF-46CFE5D06556}"
EndProject
Global
	GlobalSection(SolutionConfigurationPlatforms) = preSolution
		Debug|Any CPU = Debug|Any CPU
		Debug|ARM = Debug|ARM
		Debug|x64 = Debug|x64
		Debug|x86 = Debug|x86
		Release|Any CPU = Release|Any CPU
		Release|ARM = Release|ARM
		Release|x64 = Release|x64
		Release|x86 = Release|x86
	EndGlobalSection
	GlobalSection(ProjectConfigurationPlatforms) = postSolution
		{8A846433-E372-41C6-9D95-DDA7A84FE847}.Debug|Any CPU.ActiveCfg = Debug|Any CPU
		{8A846433-E372-41C6-9D95-DDA7A84FE847}.Debug|Any CPU.Build.0 = Debug|Any CPU
		{8A846433-E372-41C6-9D95-DDA7A84FE847}.Debug|Any CPU.Deploy.0 = Debug|Any CPU
		{8A846433-E372-41C6-9D95-DDA7A84FE847}.Debug|ARM.ActiveCfg = Debug|Any CPU
		{8A846433-E372-41C6-9D95-DDA7A84FE847}.Debug|ARM.Build.0 = Debug|Any CPU
		{8A846433-E372-41C6-9D95-DDA7A84FE847}.Debug|ARM.Deploy.0 = Debug|Any CPU
		{8A846433-E372-41C6-9D95-DDA7A84FE847}.Debug|x64.ActiveCfg = Debug|Any CPU
		{8A846433-E372-41C6-9D95-DDA7A84FE847}.Debug|x64.Build.0 = Debug|Any CPU
		{8A846433-E372-41C6-9D95-DDA7A84FE847}.Debug|x64.Deploy.0 = Debug|Any CPU
		{8A846433-E372-41C6-9D95-DDA7A84FE847}.Debug|x86.ActiveCfg = Debug|Any CPU
		{8A846433-E372-41C6-9D95-DDA7A84FE847}.Debug|x86.Build.0 = Debug|Any CPU
		{8A846433-E372-41C6-9D95-DDA7A84FE847}.Debug|x86.Deploy.0 = Debug|Any CPU
		{8A846433-E372-41C6-9D95-DDA7A84FE847}.Release|Any CPU.ActiveCfg = Release|Any CPU
		{8A846433-E372-41C6-9D95-DDA7A84FE847}.Release|Any CPU.Build.0 = Release|Any CPU
		{8A846433-E372-41C6-9D95-DDA7A84FE847}.Release|Any CPU.Deploy.0 = Release|Any CPU
		{8A846433-E372-41C6-9D95-DDA7A84FE847}.Release|ARM.ActiveCfg = Release|Any CPU
		{8A846433-E372-41C6-9D95-DDA7A84FE847}.Release|ARM.Build.0 = Release|Any CPU
		{8A846433-E372-41C6-9D95-DDA7A84FE847}.Release|ARM.Deploy.0 = Release|Any CPU
		{8A846433-E372-41C6-9D95-DDA7A84FE847}.Release|x64.ActiveCfg = Release|Any CPU
		{8A846433-E372-41C6-9D95-DDA7A84FE847}.Release|x64.Build.0 = Release|Any CPU
		{8A846433-E372-41C6-9D95-DDA7A84FE847}.Release|x64.Deploy.0 = Release|Any CPU
		{8A846433-E372-41C6-9D95-DDA7A84FE847}.Release|x86.ActiveCfg = Release|Any CPU
		{8A846433-E372-41C6-9D95-DDA7A84FE847}.Release|x86.Build.0 = Release|Any CPU
		{8A846433-E372-41C6-9D95-DDA7A84FE847}.Release|x86.Deploy.0 = Release|Any CPU
		{6FBAA904-894D-457C-896C-1CB0A3971F59}.Debug|Any CPU.ActiveCfg = Debug|x86
		{6FBAA904-894D-457C-896C-1CB0A3971F59}.Debug|Any CPU.Build.0 = Debug|x86
		{6FBAA904-894D-457C-896C-1CB0A3971F59}.Debug|Any CPU.Deploy.0 = Debug|x86
		{6FBAA904-894D-457C-896C-1CB0A3971F59}.Debug|ARM.ActiveCfg = Debug|ARM
		{6FBAA904-894D-457C-896C-1CB0A3971F59}.Debug|ARM.Build.0 = Debug|ARM
		{6FBAA904-894D-457C-896C-1CB0A3971F59}.Debug|ARM.Deploy.0 = Debug|ARM
		{6FBAA904-894D-457C-896C-1CB0A3971F59}.Debug|x64.ActiveCfg = Debug|x64
		{6FBAA904-894D-457C-896C-1CB0A3971F59}.Debug|x64.Build.0 = Debug|x64
		{6FBAA904-894D-457C-896C-1CB0A3971F59}.Debug|x64.Deploy.0 = Debug|x64
		{6FBAA904-894D-457C-896C-1CB0A3971F59}.Debug|x86.ActiveCfg = Debug|x86
		{6FBAA904-894D-457C-896C-1CB0A3971F59}.Debug|x86.Build.0 = Debug|x86
		{6FBAA904-894D-457C-896C-1CB0A3971F59}.Debug|x86.Deploy.0 = Debug|x86
		{6FBAA904-894D-457C-896C-1CB0A3971F59}.Release|Any CPU.ActiveCfg = Release|x86
		{6FBAA904-894D-457C-896C-1CB0A3971F59}.Release|Any CPU.Build.0 = Release|x86
		{6FBAA904-894D-457C-896C-1CB0A3971F59}.Release|Any CPU.Deploy.0 = Release|x86
		{6FBAA904-894D-457C-896C-1CB0A3971F59}.Release|ARM.ActiveCfg = Release|ARM
		{6FBAA904-894D-457C-896C-1CB0A3971F59}.Release|ARM.Build.0 = Release|ARM
		{6FBAA904-894D-457C-896C-1CB0A3971F59}.Release|ARM.Deploy.0 = Release|ARM
		{6FBAA904-894D-457C-896C-1CB0A3971F59}.Release|x64.ActiveCfg = Release|x64
		{6FBAA904-894D-457C-896C-1CB0A3971F59}.Release|x64.Build.0 = Release|x64
		{6FBAA904-894D-457C-896C-1CB0A3971F59}.Release|x64.Deploy.0 = Release|x64
		{6FBAA904-894D-457C-896C-1CB0A3971F59}.Release|x86.ActiveCfg = Release|x86
		{6FBAA904-894D-457C-896C-1CB0A3971F59}.Release|x86.Build.0 = Release|x86
		{6FBAA904-894D-457C-896C-1CB0A3971F59}.Release|x86.Deploy.0 = Release|x86
		{92D54860-1EE6-426A-8AEF-46CFE5D06556}.Debug|Any CPU.ActiveCfg = Debug|Any CPU
		{92D54860-1EE6-426A-8AEF-46CFE5D06556}.Debug|Any CPU.Build.0 = Debug|Any CPU
		{92D54860-1EE6-426A-8AEF-46CFE5D06556}.Debug|Any CPU.Deploy.0 = Debug|Any CPU
		{92D54860-1EE6-426A-8AEF-46CFE5D06556}.Debug|ARM.ActiveCfg = Debug|Any CPU
		{92D54860-1EE6-426A-8AEF-46CFE5D06556}.Debug|ARM.Build.0 = Debug|Any CPU
		{92D54860-1EE6-426A-8AEF-46CFE5D06556}.Debug|ARM.Deploy.0 = Debug|Any CPU
		{92D54860-1EE6-426A-8AEF-46CFE5D06556}.Debug|x64.ActiveCfg = Debug|Any CPU
		{92D54860-1EE6-426A-8AEF-46CFE5D06556}.Debug|x64.Build.0 = Debug|Any CPU
		{92D54860-1EE6-426A-8AEF-46CFE5D06556}.Debug|x64.Deploy.0 = Debug|Any CPU
		{92D54860-1EE6-426A-8AEF-46CFE5D06556}.Debug|x86.ActiveCfg = Debug|Any CPU
		{92D54860-1EE6-426A-8AEF-46CFE5D06556}.Debug|x86.Build.0 = Debug|Any CPU
		{92D54860-1EE6-426A-8AEF-46CFE5D06556}.Debug|x86.Deploy.0 = Debug|Any CPU
		{92D54860-1EE6-426A-8AEF-46CFE5D06556}.Release|Any CPU.ActiveCfg = Release|Any CPU
		{92D54860-1EE6-426A-8AEF-46CFE5D06556}.Release|Any CPU.Build.0 = Release|Any CPU
		{92D54860-1EE6-426A-8AEF-46CFE5D06556}.Release|Any CPU.Deploy.0 = Release|Any CPU
		{92D54860-1EE6-426A-8AEF-46CFE5D06556}.Release|ARM.ActiveCfg = Release|Any CPU
		{92D54860-1EE6-426A-8AEF-46CFE5D06556}.Release|ARM.Build.0 = Release|Any CPU
		{92D54860-1EE6-426A-8AEF-46CFE5D06556}.Release|ARM.Deploy.0 = Release|Any CPU
		{92D54860-1EE6-426A-8AEF-46CFE5D06556}.Release|x64.ActiveCfg = Release|Any CPU
		{92D54860-1EE6-426A-8AEF-46CFE5D06556}.Release|x64.Build.0 = Release|Any CPU
		{92D54860-1EE6-426A-8AEF-46CFE5D06556}.Release|x64.Deploy.0 = Release|Any CPU
		{92D54860-1EE6-426A-8AEF-46CFE5D06556}.Release|x86.ActiveCfg = Release|Any CPU
		{92D54860-1EE6-426A-8AEF-46CFE5D06556}.Release|x86.Build.0 = Release|Any CPU
		{92D54860-1EE6-426A-8AEF-46CFE5D06556}.Release|x86.Deploy.0 = Release|Any CPU
	EndGlobalSection
	GlobalSection(SolutionProperties) = preSolution
		HideSolutionNode = FALSE
	EndGlobalSection
	GlobalSection(ExtensibilityGlobals) = postSolution
		SolutionGuid = {B476467B-7006-404D-BD15-6E27F103C94B}
	EndGlobalSection
EndGlobal
